
Microsoft Visual Studio Solution File, Format Version 12.00
# Visual Studio Version 17
VisualStudioVersion = 17.13.35828.75 d17.13
MinimumVisualStudioVersion = 10.0.40219.1
Project("{FAE04EC0-301F-11D3-BF4B-00C04F79EFBC}") = "Enums", "Enums\Enums.csproj", "{52541B54-700E-4480-AA02-E3CB50B9EE6A}"
EndProject
Global
	GlobalSection(SolutionConfigurationPlatforms) = preSolution
		Debug|Any CPU = Debug|Any CPU
		Release|Any CPU = Release|Any CPU
	EndGlobalSection
	GlobalSection(ProjectConfigurationPlatforms) = postSolution
		{52541B54-700E-4480-AA02-E3CB50B9EE6A}.Debug|Any CPU.ActiveCfg = Debug|Any CPU
		{52541B54-700E-4480-AA02-E3CB50B9EE6A}.Debug|Any CPU.Build.0 = Debug|Any CPU
		{52541B54-700E-4480-AA02-E3CB50B9EE6A}.Release|Any CPU.ActiveCfg = Release|Any CPU
		{52541B54-700E-4480-AA02-E3CB50B9EE6A}.Release|Any CPU.Build.0 = Release|Any CPU
	EndGlobalSection
	GlobalSection(SolutionProperties) = preSolution
		HideSolutionNode = FALSE
	EndGlobalSection
	GlobalSection(ExtensibilityGlobals) = postSolution
		SolutionGuid = {A52E6DE4-D49F-4F63-96F9-DB8F6A59F8D3}
	EndGlobalSection
EndGlobal
