
Microsoft Visual Studio Solution File, Format Version 12.00
# Visual Studio Version 17
VisualStudioVersion = 17.13.35828.75 d17.13
MinimumVisualStudioVersion = 10.0.40219.1
Project("{FAE04EC0-301F-11D3-BF4B-00C04F79EFBC}") = "MySuperProject", "MySuperProject\MySuperProject.csproj", "{EA650119-718C-4B6C-BF1F-C7BA3F0EA771}"
EndProject
Global
	GlobalSection(SolutionConfigurationPlatforms) = preSolution
		Debug|Any CPU = Debug|Any CPU
		Release|Any CPU = Release|Any CPU
	EndGlobalSection
	GlobalSection(ProjectConfigurationPlatforms) = postSolution
		{EA650119-718C-4B6C-BF1F-C7BA3F0EA771}.Debug|Any CPU.ActiveCfg = Debug|Any CPU
		{EA650119-718C-4B6C-BF1F-C7BA3F0EA771}.Debug|Any CPU.Build.0 = Debug|Any CPU
		{EA650119-718C-4B6C-BF1F-C7BA3F0EA771}.Release|Any CPU.ActiveCfg = Release|Any CPU
		{EA650119-718C-4B6C-BF1F-C7BA3F0EA771}.Release|Any CPU.Build.0 = Release|Any CPU
	EndGlobalSection
	GlobalSection(SolutionProperties) = preSolution
		HideSolutionNode = FALSE
	EndGlobalSection
	GlobalSection(ExtensibilityGlobals) = postSolution
		SolutionGuid = {0DDD043F-4A28-45B7-8B89-3EA06C757F33}
	EndGlobalSection
EndGlobal
