
Microsoft Visual Studio Solution File, Format Version 12.00
# Visual Studio Version 17
VisualStudioVersion = 17.14.36623.8 d17.14
MinimumVisualStudioVersion = 10.0.40219.1
Project("{FAE04EC0-301F-11D3-BF4B-00C04F79EFBC}") = "LR2", "LR2\LR2.csproj", "{3A646E88-F890-427C-A369-7B41009BC2FB}"
EndProject
Global
	GlobalSection(SolutionConfigurationPlatforms) = preSolution
		Debug|Any CPU = Debug|Any CPU
		Release|Any CPU = Release|Any CPU
	EndGlobalSection
	GlobalSection(ProjectConfigurationPlatforms) = postSolution
		{3A646E88-F890-427C-A369-7B41009BC2FB}.Debug|Any CPU.ActiveCfg = Debug|Any CPU
		{3A646E88-F890-427C-A369-7B41009BC2FB}.Debug|Any CPU.Build.0 = Debug|Any CPU
		{3A646E88-F890-427C-A369-7B41009BC2FB}.Release|Any CPU.ActiveCfg = Release|Any CPU
		{3A646E88-F890-427C-A369-7B41009BC2FB}.Release|Any CPU.Build.0 = Release|Any CPU
	EndGlobalSection
	GlobalSection(SolutionProperties) = preSolution
		HideSolutionNode = FALSE
	EndGlobalSection
	GlobalSection(ExtensibilityGlobals) = postSolution
		SolutionGuid = {10E9D1FA-5B19-4D7D-A086-1918353A5E9E}
	EndGlobalSection
EndGlobal
