
Microsoft Visual Studio Solution File, Format Version 12.00
# Visual Studio Version 17
VisualStudioVersion = 17.14.36705.20 d17.14
MinimumVisualStudioVersion = 10.0.40219.1
Project("{FAE04EC0-301F-11D3-BF4B-00C04F79EFBC}") = "L2new", "L2new.csproj", "{60390FF5-8BB7-49BD-AD0D-C86735557E23}"
EndProject
Global
	GlobalSection(SolutionConfigurationPlatforms) = preSolution
		Debug|Any CPU = Debug|Any CPU
		Release|Any CPU = Release|Any CPU
	EndGlobalSection
	GlobalSection(ProjectConfigurationPlatforms) = postSolution
		{60390FF5-8BB7-49BD-AD0D-C86735557E23}.Debug|Any CPU.ActiveCfg = Debug|Any CPU
		{60390FF5-8BB7-49BD-AD0D-C86735557E23}.Debug|Any CPU.Build.0 = Debug|Any CPU
		{60390FF5-8BB7-49BD-AD0D-C86735557E23}.Release|Any CPU.ActiveCfg = Release|Any CPU
		{60390FF5-8BB7-49BD-AD0D-C86735557E23}.Release|Any CPU.Build.0 = Release|Any CPU
	EndGlobalSection
	GlobalSection(SolutionProperties) = preSolution
		HideSolutionNode = FALSE
	EndGlobalSection
	GlobalSection(ExtensibilityGlobals) = postSolution
		SolutionGuid = {FD4EF3B0-8174-44D9-8952-9D060B963615}
	EndGlobalSection
EndGlobal
