
Microsoft Visual Studio Solution File, Format Version 12.00
# Visual Studio Version 17
VisualStudioVersion = 17.11.35222.181
MinimumVisualStudioVersion = 10.0.40219.1
Project("{FAE04EC0-301F-11D3-BF4B-00C04F79EFBC}") = "LR4", "LR4\LR4.csproj", "{12009EF9-34E8-49AF-82AB-EF3BA223F822}"
EndProject
Global
	GlobalSection(SolutionConfigurationPlatforms) = preSolution
		Debug|Any CPU = Debug|Any CPU
		Release|Any CPU = Release|Any CPU
	EndGlobalSection
	GlobalSection(ProjectConfigurationPlatforms) = postSolution
		{12009EF9-34E8-49AF-82AB-EF3BA223F822}.Debug|Any CPU.ActiveCfg = Debug|Any CPU
		{12009EF9-34E8-49AF-82AB-EF3BA223F822}.Debug|Any CPU.Build.0 = Debug|Any CPU
		{12009EF9-34E8-49AF-82AB-EF3BA223F822}.Release|Any CPU.ActiveCfg = Release|Any CPU
		{12009EF9-34E8-49AF-82AB-EF3BA223F822}.Release|Any CPU.Build.0 = Release|Any CPU
	EndGlobalSection
	GlobalSection(SolutionProperties) = preSolution
		HideSolutionNode = FALSE
	EndGlobalSection
	GlobalSection(ExtensibilityGlobals) = postSolution
		SolutionGuid = {4DFAA8B4-8642-4141-9084-A9BFF6CDB49F}
	EndGlobalSection
EndGlobal
