
Microsoft Visual Studio Solution File, Format Version 12.00
# Visual Studio Version 17
VisualStudioVersion = 17.14.36518.9 d17.14
MinimumVisualStudioVersion = 10.0.40219.1
Project("{FAE04EC0-301F-11D3-BF4B-00C04F79EFBC}") = "taskN1", "taskN1\taskN1.csproj", "{387FA1E3-9D08-4C7E-B993-138B9358FAA5}"
EndProject
Global
	GlobalSection(SolutionConfigurationPlatforms) = preSolution
		Debug|Any CPU = Debug|Any CPU
		Release|Any CPU = Release|Any CPU
	EndGlobalSection
	GlobalSection(ProjectConfigurationPlatforms) = postSolution
		{387FA1E3-9D08-4C7E-B993-138B9358FAA5}.Debug|Any CPU.ActiveCfg = Debug|Any CPU
		{387FA1E3-9D08-4C7E-B993-138B9358FAA5}.Debug|Any CPU.Build.0 = Debug|Any CPU
		{387FA1E3-9D08-4C7E-B993-138B9358FAA5}.Release|Any CPU.ActiveCfg = Release|Any CPU
		{387FA1E3-9D08-4C7E-B993-138B9358FAA5}.Release|Any CPU.Build.0 = Release|Any CPU
	EndGlobalSection
	GlobalSection(SolutionProperties) = preSolution
		HideSolutionNode = FALSE
	EndGlobalSection
	GlobalSection(ExtensibilityGlobals) = postSolution
		SolutionGuid = {29C7CA61-8380-4E6F-9A6D-0095A9A5D642}
	EndGlobalSection
EndGlobal
