
Microsoft Visual Studio Solution File, Format Version 12.00
# Visual Studio Version 17
VisualStudioVersion = 17.14.36518.9 d17.14
MinimumVisualStudioVersion = 10.0.40219.1
Project("{FAE04EC0-301F-11D3-BF4B-00C04F79EFBC}") = "task1", "task1\task1.csproj", "{A2C0DE0F-A330-4BAD-BE67-7856C4959F88}"
EndProject
Global
	GlobalSection(SolutionConfigurationPlatforms) = preSolution
		Debug|Any CPU = Debug|Any CPU
		Release|Any CPU = Release|Any CPU
	EndGlobalSection
	GlobalSection(ProjectConfigurationPlatforms) = postSolution
		{A2C0DE0F-A330-4BAD-BE67-7856C4959F88}.Debug|Any CPU.ActiveCfg = Debug|Any CPU
		{A2C0DE0F-A330-4BAD-BE67-7856C4959F88}.Debug|Any CPU.Build.0 = Debug|Any CPU
		{A2C0DE0F-A330-4BAD-BE67-7856C4959F88}.Release|Any CPU.ActiveCfg = Release|Any CPU
		{A2C0DE0F-A330-4BAD-BE67-7856C4959F88}.Release|Any CPU.Build.0 = Release|Any CPU
	EndGlobalSection
	GlobalSection(SolutionProperties) = preSolution
		HideSolutionNode = FALSE
	EndGlobalSection
	GlobalSection(ExtensibilityGlobals) = postSolution
		SolutionGuid = {DB16A3F4-5E96-4CAC-9EB7-8712B5C40995}
	EndGlobalSection
EndGlobal
