
Microsoft Visual Studio Solution File, Format Version 12.00
# Visual Studio Version 17
VisualStudioVersion = 17.13.35828.75 d17.13
MinimumVisualStudioVersion = 10.0.40219.1
Project("{FAE04EC0-301F-11D3-BF4B-00C04F79EFBC}") = "test.aray", "test.aray.csproj", "{16EA4414-2892-4088-B307-58A015D96C0C}"
EndProject
Global
	GlobalSection(SolutionConfigurationPlatforms) = preSolution
		Debug|Any CPU = Debug|Any CPU
		Release|Any CPU = Release|Any CPU
	EndGlobalSection
	GlobalSection(ProjectConfigurationPlatforms) = postSolution
		{16EA4414-2892-4088-B307-58A015D96C0C}.Debug|Any CPU.ActiveCfg = Debug|Any CPU
		{16EA4414-2892-4088-B307-58A015D96C0C}.Debug|Any CPU.Build.0 = Debug|Any CPU
		{16EA4414-2892-4088-B307-58A015D96C0C}.Release|Any CPU.ActiveCfg = Release|Any CPU
		{16EA4414-2892-4088-B307-58A015D96C0C}.Release|Any CPU.Build.0 = Release|Any CPU
	EndGlobalSection
	GlobalSection(SolutionProperties) = preSolution
		HideSolutionNode = FALSE
	EndGlobalSection
	GlobalSection(ExtensibilityGlobals) = postSolution
		SolutionGuid = {4F663265-3478-4465-8D90-ADF4C8BBB426}
	EndGlobalSection
EndGlobal
